
Microsoft Visual Studio Solution File, Format Version 12.00
# Visual Studio Version 17
VisualStudioVersion = 17.6.33815.320
MinimumVisualStudioVersion = 10.0.40219.1
Project("{FAE04EC0-301F-11D3-BF4B-00C04F79EFBC}") = "Quinto Projeto", "Quinto Projeto\Quinto Projeto.csproj", "{081886AF-01C9-4C77-9DA5-A7178F63D7EF}"
EndProject
Global
	GlobalSection(SolutionConfigurationPlatforms) = preSolution
		Debug|Any CPU = Debug|Any CPU
		Release|Any CPU = Release|Any CPU
	EndGlobalSection
	GlobalSection(ProjectConfigurationPlatforms) = postSolution
		{081886AF-01C9-4C77-9DA5-A7178F63D7EF}.Debug|Any CPU.ActiveCfg = Debug|Any CPU
		{081886AF-01C9-4C77-9DA5-A7178F63D7EF}.Debug|Any CPU.Build.0 = Debug|Any CPU
		{081886AF-01C9-4C77-9DA5-A7178F63D7EF}.Release|Any CPU.ActiveCfg = Release|Any CPU
		{081886AF-01C9-4C77-9DA5-A7178F63D7EF}.Release|Any CPU.Build.0 = Release|Any CPU
	EndGlobalSection
	GlobalSection(SolutionProperties) = preSolution
		HideSolutionNode = FALSE
	EndGlobalSection
	GlobalSection(ExtensibilityGlobals) = postSolution
		SolutionGuid = {F2A8ACBB-A10A-4552-A2A1-526AAD90EB92}
	EndGlobalSection
EndGlobal
