
Microsoft Visual Studio Solution File, Format Version 12.00
# Visual Studio Version 17
VisualStudioVersion = 17.6.33815.320
MinimumVisualStudioVersion = 10.0.40219.1
Project("{FAE04EC0-301F-11D3-BF4B-00C04F79EFBC}") = "Quarto projeto", "Quarto projeto\Quarto projeto.csproj", "{024B1D3C-84E0-4F0A-ADE3-E329763A0890}"
EndProject
Global
	GlobalSection(SolutionConfigurationPlatforms) = preSolution
		Debug|Any CPU = Debug|Any CPU
		Release|Any CPU = Release|Any CPU
	EndGlobalSection
	GlobalSection(ProjectConfigurationPlatforms) = postSolution
		{024B1D3C-84E0-4F0A-ADE3-E329763A0890}.Debug|Any CPU.ActiveCfg = Debug|Any CPU
		{024B1D3C-84E0-4F0A-ADE3-E329763A0890}.Debug|Any CPU.Build.0 = Debug|Any CPU
		{024B1D3C-84E0-4F0A-ADE3-E329763A0890}.Release|Any CPU.ActiveCfg = Release|Any CPU
		{024B1D3C-84E0-4F0A-ADE3-E329763A0890}.Release|Any CPU.Build.0 = Release|Any CPU
	EndGlobalSection
	GlobalSection(SolutionProperties) = preSolution
		HideSolutionNode = FALSE
	EndGlobalSection
	GlobalSection(ExtensibilityGlobals) = postSolution
		SolutionGuid = {FD85CCE1-0C27-4DDE-97DE-7C8F97FB0DFB}
	EndGlobalSection
EndGlobal
